
Microsoft Visual Studio Solution File, Format Version 12.00
# Visual Studio Version 17
VisualStudioVersion = 17.0.31903.59
MinimumVisualStudioVersion = 10.0.40219.1
Project("{9A19103F-16F7-4668-BE54-9A1E7A4F7556}") = "FlexiTools", "FlexiTools\FlexiTools.csproj", "{99E460DF-4A94-4750-A007-8F2D0C516E81}"
EndProject
Project("{9A19103F-16F7-4668-BE54-9A1E7A4F7556}") = "FlexiTools.Styles", "FlexiTools.Styles\FlexiTools.Styles.csproj", "{9E755A9D-7823-4234-9309-B5116B8EAF49}"
EndProject
Project("{FAE04EC0-301F-11D3-BF4B-00C04F79EFBC}") = "FlexiTools.Model", "FlexiTools.Model\FlexiTools.Model.csproj", "{F8058154-66CE-4CCC-B6CF-0E7B756B9329}"
EndProject
Global
	GlobalSection(SolutionConfigurationPlatforms) = preSolution
		Debug|Any CPU = Debug|Any CPU
		Release|Any CPU = Release|Any CPU
	EndGlobalSection
	GlobalSection(ProjectConfigurationPlatforms) = postSolution
		{99E460DF-4A94-4750-A007-8F2D0C516E81}.Debug|Any CPU.ActiveCfg = Debug|Any CPU
		{99E460DF-4A94-4750-A007-8F2D0C516E81}.Debug|Any CPU.Build.0 = Debug|Any CPU
		{99E460DF-4A94-4750-A007-8F2D0C516E81}.Release|Any CPU.ActiveCfg = Release|Any CPU
		{99E460DF-4A94-4750-A007-8F2D0C516E81}.Release|Any CPU.Build.0 = Release|Any CPU
		{9E755A9D-7823-4234-9309-B5116B8EAF49}.Debug|Any CPU.ActiveCfg = Debug|Any CPU
		{9E755A9D-7823-4234-9309-B5116B8EAF49}.Debug|Any CPU.Build.0 = Debug|Any CPU
		{9E755A9D-7823-4234-9309-B5116B8EAF49}.Release|Any CPU.ActiveCfg = Release|Any CPU
		{9E755A9D-7823-4234-9309-B5116B8EAF49}.Release|Any CPU.Build.0 = Release|Any CPU
		{F8058154-66CE-4CCC-B6CF-0E7B756B9329}.Debug|Any CPU.ActiveCfg = Debug|Any CPU
		{F8058154-66CE-4CCC-B6CF-0E7B756B9329}.Debug|Any CPU.Build.0 = Debug|Any CPU
		{F8058154-66CE-4CCC-B6CF-0E7B756B9329}.Release|Any CPU.ActiveCfg = Release|Any CPU
		{F8058154-66CE-4CCC-B6CF-0E7B756B9329}.Release|Any CPU.Build.0 = Release|Any CPU
	EndGlobalSection
	GlobalSection(SolutionProperties) = preSolution
		HideSolutionNode = FALSE
	EndGlobalSection
	GlobalSection(ExtensibilityGlobals) = postSolution
		SolutionGuid = {05059216-9DBB-4325-99AA-EB8CE3DDE010}
	EndGlobalSection
EndGlobal
